# THIS IS AN AUTOGENERATED FILE. DO NOT EDIT THIS FILE DIRECTLY.
# yarn lockfile v1


"@firebase/app-types@^0.6":
  version "0.6.0"
  resolved "https://registry.yarnpkg.com/@firebase/app-types/-/app-types-0.6.0.tgz#8dcc3e793c6983e9d54f7eb623a7618c05f2d94c"
  integrity sha512-ld6rzjXk/SUauHiQZJkeuSJpxIZ5wdnWuF5fWBFQNPaxsaJ9kyYg9GqEvwZ1z2e6JP5cU9gwRBlfW1WkGtGDYA==

uuid@^7.0.3:
  version "7.0.3"
  resolved "https://registry.yarnpkg.com/uuid/-/uuid-7.0.3.tgz#c5c9f2c8cf25dc0a372c4df1441c41f5bd0c680b"
  integrity sha512-DPSke0pXhTZgoF/d+WSt2QaKMCFSfx7QegxEWT+JOuHF5aWrKEn0G+ztjuJg/gG8/ItK+rbPCD/yNv8yyih6Cg==
